
Microsoft Visual Studio Solution File, Format Version 12.00
# Visual Studio Version 16
VisualStudioVersion = 25.0.1703.7
MinimumVisualStudioVersion = 10.0.40219.1
Project("{FAE04EC0-301F-11D3-BF4B-00C04F79EFBC}") = "CSharpBasicsLoops", "CSharpBasicsLoops.csproj", "{BBFFB25F-8D41-49FB-BA5B-D070239D767E}"
EndProject
Global
	GlobalSection(SolutionConfigurationPlatforms) = preSolution
		Debug|Any CPU = Debug|Any CPU
		Release|Any CPU = Release|Any CPU
	EndGlobalSection
	GlobalSection(ProjectConfigurationPlatforms) = postSolution
		{BBFFB25F-8D41-49FB-BA5B-D070239D767E}.Debug|Any CPU.ActiveCfg = Debug|Any CPU
		{BBFFB25F-8D41-49FB-BA5B-D070239D767E}.Debug|Any CPU.Build.0 = Debug|Any CPU
		{BBFFB25F-8D41-49FB-BA5B-D070239D767E}.Release|Any CPU.ActiveCfg = Release|Any CPU
		{BBFFB25F-8D41-49FB-BA5B-D070239D767E}.Release|Any CPU.Build.0 = Release|Any CPU
	EndGlobalSection
	GlobalSection(SolutionProperties) = preSolution
		HideSolutionNode = FALSE
	EndGlobalSection
	GlobalSection(ExtensibilityGlobals) = postSolution
		SolutionGuid = {F639CEFE-3490-4285-8BD1-91809AD0E1E9}
	EndGlobalSection
EndGlobal
